// !$*UTF8*$!
{
	archiveVersion = 1;
	classes = {
	};
	objectVersion = 46;
	objects = {

/* Begin PBXBuildFile section */
		4A7E06581A92DFFD009B1F9A /* AppDelegate.swift in Sources */ = {isa = PBXBuildFile; fileRef = 4A7E06571A92DFFD009B1F9A /* AppDelegate.swift */; };
		4A7E065A1A92DFFD009B1F9A /* MainViewController.swift in Sources */ = {isa = PBXBuildFile; fileRef = 4A7E06591A92DFFD009B1F9A /* MainViewController.swift */; };
		4A7E065D1A92DFFD009B1F9A /* Main.storyboard in Resources */ = {isa = PBXBuildFile; fileRef = 4A7E065B1A92DFFD009B1F9A /* Main.storyboard */; };
		4A7E065F1A92DFFD009B1F9A /* Images.xcassets in Resources */ = {isa = PBXBuildFile; fileRef = 4A7E065E1A92DFFD009B1F9A /* Images.xcassets */; };
		4A7E06621A92DFFD009B1F9A /* LaunchScreen.xib in Resources */ = {isa = PBXBuildFile; fileRef = 4A7E06601A92DFFD009B1F9A /* LaunchScreen.xib */; };
		4A7E066E1A92DFFD009B1F9A /* aliveAPITests.swift in Sources */ = {isa = PBXBuildFile; fileRef = 4A7E066D1A92DFFD009B1F9A /* aliveAPITests.swift */; };
		4A7E068B1A92F55F009B1F9A /* HTTPEndpoint.swift in Sources */ = {isa = PBXBuildFile; fileRef = 4A7E068A1A92F55F009B1F9A /* HTTPEndpoint.swift */; };
		EF672637476B41747656CBD2 /* Pods.framework in Frameworks */ = {isa = PBXBuildFile; fileRef = B5367E18476BFE9E270E70C7 /* Pods.framework */; settings = {ATTRIBUTES = (Weak, ); }; };
/* End PBXBuildFile section */

/* Begin PBXContainerItemProxy section */
		4A7E06681A92DFFD009B1F9A /* PBXContainerItemProxy */ = {
			isa = PBXContainerItemProxy;
			containerPortal = 4A7E064A1A92DFFD009B1F9A /* Project object */;
			proxyType = 1;
			remoteGlobalIDString = 4A7E06511A92DFFD009B1F9A;
			remoteInfo = aliveAPI;
		};
/* End PBXContainerItemProxy section */

/* Begin PBXFileReference section */
		26DDBAE492D8D8E070CC23E8 /* Pods.debug.xcconfig */ = {isa = PBXFileReference; includeInIndex = 1; lastKnownFileType = text.xcconfig; name = Pods.debug.xcconfig; path = "Pods/Target Support Files/Pods/Pods.debug.xcconfig"; sourceTree = "<group>"; };
		4A7E06521A92DFFD009B1F9A /* aliveAPI.app */ = {isa = PBXFileReference; explicitFileType = wrapper.application; includeInIndex = 0; path = aliveAPI.app; sourceTree = BUILT_PRODUCTS_DIR; };
		4A7E06561A92DFFD009B1F9A /* Info.plist */ = {isa = PBXFileReference; lastKnownFileType = text.plist.xml; path = Info.plist; sourceTree = "<group>"; };
		4A7E06571A92DFFD009B1F9A /* AppDelegate.swift */ = {isa = PBXFileReference; lastKnownFileType = sourcecode.swift; path = AppDelegate.swift; sourceTree = "<group>"; };
		4A7E06591A92DFFD009B1F9A /* MainViewController.swift */ = {isa = PBXFileReference; lastKnownFileType = sourcecode.swift; path = MainViewController.swift; sourceTree = "<group>"; };
		4A7E065C1A92DFFD009B1F9A /* Base */ = {isa = PBXFileReference; lastKnownFileType = file.storyboard; name = Base; path = Base.lproj/Main.storyboard; sourceTree = "<group>"; };
		4A7E065E1A92DFFD009B1F9A /* Images.xcassets */ = {isa = PBXFileReference; lastKnownFileType = folder.assetcatalog; path = Images.xcassets; sourceTree = "<group>"; };
		4A7E06611A92DFFD009B1F9A /* Base */ = {isa = PBXFileReference; lastKnownFileType = file.xib; name = Base; path = Base.lproj/LaunchScreen.xib; sourceTree = "<group>"; };
		4A7E06671A92DFFD009B1F9A /* aliveAPITests.xctest */ = {isa = PBXFileReference; explicitFileType = wrapper.cfbundle; includeInIndex = 0; path = aliveAPITests.xctest; sourceTree = BUILT_PRODUCTS_DIR; };
		4A7E066C1A92DFFD009B1F9A /* Info.plist */ = {isa = PBXFileReference; lastKnownFileType = text.plist.xml; path = Info.plist; sourceTree = "<group>"; };
		4A7E066D1A92DFFD009B1F9A /* aliveAPITests.swift */ = {isa = PBXFileReference; lastKnownFileType = sourcecode.swift; path = aliveAPITests.swift; sourceTree = "<group>"; };
		4A7E068A1A92F55F009B1F9A /* HTTPEndpoint.swift */ = {isa = PBXFileReference; fileEncoding = 4; lastKnownFileType = sourcecode.swift; path = HTTPEndpoint.swift; sourceTree = "<group>"; };
		951DCC64B0343054FC3A1FA9 /* Pods.release.xcconfig */ = {isa = PBXFileReference; includeInIndex = 1; lastKnownFileType = text.xcconfig; name = Pods.release.xcconfig; path = "Pods/Target Support Files/Pods/Pods.release.xcconfig"; sourceTree = "<group>"; };
		B5367E18476BFE9E270E70C7 /* Pods.framework */ = {isa = PBXFileReference; explicitFileType = wrapper.framework; includeInIndex = 0; path = Pods.framework; sourceTree = BUILT_PRODUCTS_DIR; };
/* End PBXFileReference section */

/* Begin PBXFrameworksBuildPhase section */
		4A7E064F1A92DFFD009B1F9A /* Frameworks */ = {
			isa = PBXFrameworksBuildPhase;
			buildActionMask = 2147483647;
			files = (
				EF672637476B41747656CBD2 /* Pods.framework in Frameworks */,
			);
			runOnlyForDeploymentPostprocessing = 0;
		};
		4A7E06641A92DFFD009B1F9A /* Frameworks */ = {
			isa = PBXFrameworksBuildPhase;
			buildActionMask = 2147483647;
			files = (
			);
			runOnlyForDeploymentPostprocessing = 0;
		};
/* End PBXFrameworksBuildPhase section */

/* Begin PBXGroup section */
		4A7E06491A92DFFD009B1F9A = {
			isa = PBXGroup;
			children = (
				4A7E06541A92DFFD009B1F9A /* aliveAPI */,
				4A7E066A1A92DFFD009B1F9A /* aliveAPITests */,
				4A7E06531A92DFFD009B1F9A /* Products */,
				89D6D2180305B2907D13ED7B /* Pods */,
				4C8ED23E917523A3CD46DF52 /* Frameworks */,
			);
			sourceTree = "<group>";
		};
		4A7E06531A92DFFD009B1F9A /* Products */ = {
			isa = PBXGroup;
			children = (
				4A7E06521A92DFFD009B1F9A /* aliveAPI.app */,
				4A7E06671A92DFFD009B1F9A /* aliveAPITests.xctest */,
			);
			name = Products;
			sourceTree = "<group>";
		};
		4A7E06541A92DFFD009B1F9A /* aliveAPI */ = {
			isa = PBXGroup;
			children = (
				4A7E06571A92DFFD009B1F9A /* AppDelegate.swift */,
				4A7E06591A92DFFD009B1F9A /* MainViewController.swift */,
				4A7E068A1A92F55F009B1F9A /* HTTPEndpoint.swift */,
				4A7E065B1A92DFFD009B1F9A /* Main.storyboard */,
				4A7E065E1A92DFFD009B1F9A /* Images.xcassets */,
				4A7E06601A92DFFD009B1F9A /* LaunchScreen.xib */,
				4A7E06551A92DFFD009B1F9A /* Supporting Files */,
			);
			path = aliveAPI;
			sourceTree = "<group>";
		};
		4A7E06551A92DFFD009B1F9A /* Supporting Files */ = {
			isa = PBXGroup;
			children = (
				4A7E06561A92DFFD009B1F9A /* Info.plist */,
			);
			name = "Supporting Files";
			sourceTree = "<group>";
		};
		4A7E066A1A92DFFD009B1F9A /* aliveAPITests */ = {
			isa = PBXGroup;
			children = (
				4A7E066D1A92DFFD009B1F9A /* aliveAPITests.swift */,
				4A7E066B1A92DFFD009B1F9A /* Supporting Files */,
			);
			path = aliveAPITests;
			sourceTree = "<group>";
		};
		4A7E066B1A92DFFD009B1F9A /* Supporting Files */ = {
			isa = PBXGroup;
			children = (
				4A7E066C1A92DFFD009B1F9A /* Info.plist */,
			);
			name = "Supporting Files";
			sourceTree = "<group>";
		};
		4C8ED23E917523A3CD46DF52 /* Frameworks */ = {
			isa = PBXGroup;
			children = (
				B5367E18476BFE9E270E70C7 /* Pods.framework */,
			);
			name = Frameworks;
			sourceTree = "<group>";
		};
		89D6D2180305B2907D13ED7B /* Pods */ = {
			isa = PBXGroup;
			children = (
				26DDBAE492D8D8E070CC23E8 /* Pods.debug.xcconfig */,
				951DCC64B0343054FC3A1FA9 /* Pods.release.xcconfig */,
			);
			name = Pods;
			sourceTree = "<group>";
		};
/* End PBXGroup section */

/* Begin PBXNativeTarget section */
		4A7E06511A92DFFD009B1F9A /* aliveAPI */ = {
			isa = PBXNativeTarget;
			buildConfigurationList = 4A7E06711A92DFFD009B1F9A /* Build configuration list for PBXNativeTarget "aliveAPI" */;
			buildPhases = (
				DF67C6BAB9EB563F30502A61 /* Check Pods Manifest.lock */,
				4A7E064E1A92DFFD009B1F9A /* Sources */,
				4A7E064F1A92DFFD009B1F9A /* Frameworks */,
				4A7E06501A92DFFD009B1F9A /* Resources */,
				30219C251DB42D836F5EC70D /* Embed Pods Frameworks */,
				D3215A1099E630AB2619B428 /* Copy Pods Resources */,
			);
			buildRules = (
			);
			dependencies = (
			);
			name = aliveAPI;
			productName = aliveAPI;
			productReference = 4A7E06521A92DFFD009B1F9A /* aliveAPI.app */;
			productType = "com.apple.product-type.application";
		};
		4A7E06661A92DFFD009B1F9A /* aliveAPITests */ = {
			isa = PBXNativeTarget;
			buildConfigurationList = 4A7E06741A92DFFD009B1F9A /* Build configuration list for PBXNativeTarget "aliveAPITests" */;
			buildPhases = (
				4A7E06631A92DFFD009B1F9A /* Sources */,
				4A7E06641A92DFFD009B1F9A /* Frameworks */,
				4A7E06651A92DFFD009B1F9A /* Resources */,
			);
			buildRules = (
			);
			dependencies = (
				4A7E06691A92DFFD009B1F9A /* PBXTargetDependency */,
			);
			name = aliveAPITests;
			productName = aliveAPITests;
			productReference = 4A7E06671A92DFFD009B1F9A /* aliveAPITests.xctest */;
			productType = "com.apple.product-type.bundle.unit-test";
		};
/* End PBXNativeTarget section */

/* Begin PBXProject section */
		4A7E064A1A92DFFD009B1F9A /* Project object */ = {
			isa = PBXProject;
			attributes = {
				LastUpgradeCheck = 0610;
				ORGANIZATIONNAME = "Pete Kim";
				TargetAttributes = {
					4A7E06511A92DFFD009B1F9A = {
						CreatedOnToolsVersion = 6.1.1;
					};
					4A7E06661A92DFFD009B1F9A = {
						CreatedOnToolsVersion = 6.1.1;
						TestTargetID = 4A7E06511A92DFFD009B1F9A;
					};
				};
			};
			buildConfigurationList = 4A7E064D1A92DFFD009B1F9A /* Build configuration list for PBXProject "aliveAPI" */;
			compatibilityVersion = "Xcode 3.2";
			developmentRegion = English;
			hasScannedForEncodings = 0;
			knownRegions = (
				en,
				Base,
			);
			mainGroup = 4A7E06491A92DFFD009B1F9A;
			productRefGroup = 4A7E06531A92DFFD009B1F9A /* Products */;
			projectDirPath = "";
			projectRoot = "";
			targets = (
				4A7E06511A92DFFD009B1F9A /* aliveAPI */,
				4A7E06661A92DFFD009B1F9A /* aliveAPITests */,
			);
		};
/* End PBXProject section */

/* Begin PBXResourcesBuildPhase section */
		4A7E06501A92DFFD009B1F9A /* Resources */ = {
			isa = PBXResourcesBuildPhase;
			buildActionMask = 2147483647;
			files = (
				4A7E065D1A92DFFD009B1F9A /* Main.storyboard in Resources */,
				4A7E06621A92DFFD009B1F9A /* LaunchScreen.xib in Resources */,
				4A7E065F1A92DFFD009B1F9A /* Images.xcassets in Resources */,
			);
			runOnlyForDeploymentPostprocessing = 0;
		};
		4A7E06651A92DFFD009B1F9A /* Resources */ = {
			isa = PBXResourcesBuildPhase;
			buildActionMask = 2147483647;
			files = (
			);
			runOnlyForDeploymentPostprocessing = 0;
		};
/* End PBXResourcesBuildPhase section */

/* Begin PBXShellScriptBuildPhase section */
		30219C251DB42D836F5EC70D /* Embed Pods Frameworks */ = {
			isa = PBXShellScriptBuildPhase;
			buildActionMask = 2147483647;
			files = (
			);
			inputPaths = (
			);
			name = "Embed Pods Frameworks";
			outputPaths = (
			);
			runOnlyForDeploymentPostprocessing = 0;
			shellPath = /bin/sh;
			shellScript = "\"${SRCROOT}/Pods/Target Support Files/Pods/Pods-frameworks.sh\"\n";
			showEnvVarsInLog = 0;
		};
		D3215A1099E630AB2619B428 /* Copy Pods Resources */ = {
			isa = PBXShellScriptBuildPhase;
			buildActionMask = 2147483647;
			files = (
			);
			inputPaths = (
			);
			name = "Copy Pods Resources";
			outputPaths = (
			);
			runOnlyForDeploymentPostprocessing = 0;
			shellPath = /bin/sh;
			shellScript = "\"${SRCROOT}/Pods/Target Support Files/Pods/Pods-resources.sh\"\n";
			showEnvVarsInLog = 0;
		};
		DF67C6BAB9EB563F30502A61 /* Check Pods Manifest.lock */ = {
			isa = PBXShellScriptBuildPhase;
			buildActionMask = 2147483647;
			files = (
			);
			inputPaths = (
			);
			name = "Check Pods Manifest.lock";
			outputPaths = (
			);
			runOnlyForDeploymentPostprocessing = 0;
			shellPath = /bin/sh;
			shellScript = "diff \"${PODS_ROOT}/../Podfile.lock\" \"${PODS_ROOT}/Manifest.lock\" > /dev/null\nif [[ $? != 0 ]] ; then\n    cat << EOM\nerror: The sandbox is not in sync with the Podfile.lock. Run 'pod install' or update your CocoaPods installation.\nEOM\n    exit 1\nfi\n";
			showEnvVarsInLog = 0;
		};
/* End PBXShellScriptBuildPhase section */

/* Begin PBXSourcesBuildPhase section */
		4A7E064E1A92DFFD009B1F9A /* Sources */ = {
			isa = PBXSourcesBuildPhase;
			buildActionMask = 2147483647;
			files = (
				4A7E065A1A92DFFD009B1F9A /* MainViewController.swift in Sources */,
				4A7E068B1A92F55F009B1F9A /* HTTPEndpoint.swift in Sources */,
				4A7E06581A92DFFD009B1F9A /* AppDelegate.swift in Sources */,
			);
			runOnlyForDeploymentPostprocessing = 0;
		};
		4A7E06631A92DFFD009B1F9A /* Sources */ = {
			isa = PBXSourcesBuildPhase;
			buildActionMask = 2147483647;
			files = (
				4A7E066E1A92DFFD009B1F9A /* aliveAPITests.swift in Sources */,
			);
			runOnlyForDeploymentPostprocessing = 0;
		};
/* End PBXSourcesBuildPhase section */

/* Begin PBXTargetDependency section */
		4A7E06691A92DFFD009B1F9A /* PBXTargetDependency */ = {
			isa = PBXTargetDependency;
			target = 4A7E06511A92DFFD009B1F9A /* aliveAPI */;
			targetProxy = 4A7E06681A92DFFD009B1F9A /* PBXContainerItemProxy */;
		};
/* End PBXTargetDependency section */

/* Begin PBXVariantGroup section */
		4A7E065B1A92DFFD009B1F9A /* Main.storyboard */ = {
			isa = PBXVariantGroup;
			children = (
				4A7E065C1A92DFFD009B1F9A /* Base */,
			);
			name = Main.storyboard;
			sourceTree = "<group>";
		};
		4A7E06601A92DFFD009B1F9A /* LaunchScreen.xib */ = {
			isa = PBXVariantGroup;
			children = (
				4A7E06611A92DFFD009B1F9A /* Base */,
			);
			name = LaunchScreen.xib;
			sourceTree = "<group>";
		};
/* End PBXVariantGroup section */

/* Begin XCBuildConfiguration section */
		4A7E066F1A92DFFD009B1F9A /* Debug */ = {
			isa = XCBuildConfiguration;
			buildSettings = {
				ALWAYS_SEARCH_USER_PATHS = NO;
				CLANG_CXX_LANGUAGE_STANDARD = "gnu++0x";
				CLANG_CXX_LIBRARY = "libc++";
				CLANG_ENABLE_MODULES = YES;
				CLANG_ENABLE_OBJC_ARC = YES;
				CLANG_WARN_BOOL_CONVERSION = YES;
				CLANG_WARN_CONSTANT_CONVERSION = YES;
				CLANG_WARN_DIRECT_OBJC_ISA_USAGE = YES_ERROR;
				CLANG_WARN_EMPTY_BODY = YES;
				CLANG_WARN_ENUM_CONVERSION = YES;
				CLANG_WARN_INT_CONVERSION = YES;
				CLANG_WARN_OBJC_ROOT_CLASS = YES_ERROR;
				CLANG_WARN_UNREACHABLE_CODE = YES;
				CLANG_WARN__DUPLICATE_METHOD_MATCH = YES;
				"CODE_SIGN_IDENTITY[sdk=iphoneos*]" = "iPhone Developer";
				COPY_PHASE_STRIP = NO;
				ENABLE_STRICT_OBJC_MSGSEND = YES;
				GCC_C_LANGUAGE_STANDARD = gnu99;
				GCC_DYNAMIC_NO_PIC = NO;
				GCC_OPTIMIZATION_LEVEL = 0;
				GCC_PREPROCESSOR_DEFINITIONS = (
					"DEBUG=1",
					"$(inherited)",
				);
				GCC_SYMBOLS_PRIVATE_EXTERN = NO;
				GCC_WARN_64_TO_32_BIT_CONVERSION = YES;
				GCC_WARN_ABOUT_RETURN_TYPE = YES_ERROR;
				GCC_WARN_UNDECLARED_SELECTOR = YES;
				GCC_WARN_UNINITIALIZED_AUTOS = YES_AGGRESSIVE;
				GCC_WARN_UNUSED_FUNCTION = YES;
				GCC_WARN_UNUSED_VARIABLE = YES;
				IPHONEOS_DEPLOYMENT_TARGET = 8.1;
				MTL_ENABLE_DEBUG_INFO = YES;
				ONLY_ACTIVE_ARCH = YES;
				SDKROOT = iphoneos;
				SWIFT_OPTIMIZATION_LEVEL = "-Onone";
			};
			name = Debug;
		};
		4A7E06701A92DFFD009B1F9A /* Release */ = {
			isa = XCBuildConfiguration;
			buildSettings = {
				ALWAYS_SEARCH_USER_PATHS = NO;
				CLANG_CXX_LANGUAGE_STANDARD = "gnu++0x";
				CLANG_CXX_LIBRARY = "libc++";
				CLANG_ENABLE_MODULES = YES;
				CLANG_ENABLE_OBJC_ARC = YES;
				CLANG_WARN_BOOL_CONVERSION = YES;
				CLANG_WARN_CONSTANT_CONVERSION = YES;
				CLANG_WARN_DIRECT_OBJC_ISA_USAGE = YES_ERROR;
				CLANG_WARN_EMPTY_BODY = YES;
				CLANG_WARN_ENUM_CONVERSION = YES;
				CLANG_WARN_INT_CONVERSION = YES;
				CLANG_WARN_OBJC_ROOT_CLASS = YES_ERROR;
				CLANG_WARN_UNREACHABLE_CODE = YES;
				CLANG_WARN__DUPLICATE_METHOD_MATCH = YES;
				"CODE_SIGN_IDENTITY[sdk=iphoneos*]" = "iPhone Developer";
				COPY_PHASE_STRIP = YES;
				ENABLE_NS_ASSERTIONS = NO;
				ENABLE_STRICT_OBJC_MSGSEND = YES;
				GCC_C_LANGUAGE_STANDARD = gnu99;
				GCC_WARN_64_TO_32_BIT_CONVERSION = YES;
				GCC_WARN_ABOUT_RETURN_TYPE = YES_ERROR;
				GCC_WARN_UNDECLARED_SELECTOR = YES;
				GCC_WARN_UNINITIALIZED_AUTOS = YES_AGGRESSIVE;
				GCC_WARN_UNUSED_FUNCTION = YES;
				GCC_WARN_UNUSED_VARIABLE = YES;
				IPHONEOS_DEPLOYMENT_TARGET = 8.1;
				MTL_ENABLE_DEBUG_INFO = NO;
				SDKROOT = iphoneos;
				VALIDATE_PRODUCT = YES;
			};
			name = Release;
		};
		4A7E06721A92DFFD009B1F9A /* Debug */ = {
			isa = XCBuildConfiguration;
			baseConfigurationReference = 26DDBAE492D8D8E070CC23E8 /* Pods.debug.xcconfig */;
			buildSettings = {
				ASSETCATALOG_COMPILER_APPICON_NAME = AppIcon;
				INFOPLIST_FILE = aliveAPI/Info.plist;
				LD_RUNPATH_SEARCH_PATHS = "$(inherited) @executable_path/Frameworks";
				PRODUCT_NAME = "$(TARGET_NAME)";
			};
			name = Debug;
		};
		4A7E06731A92DFFD009B1F9A /* Release */ = {
			isa = XCBuildConfiguration;
			baseConfigurationReference = 951DCC64B0343054FC3A1FA9 /* Pods.release.xcconfig */;
			buildSettings = {
				ASSETCATALOG_COMPILER_APPICON_NAME = AppIcon;
				INFOPLIST_FILE = aliveAPI/Info.plist;
				LD_RUNPATH_SEARCH_PATHS = "$(inherited) @executable_path/Frameworks";
				PRODUCT_NAME = "$(TARGET_NAME)";
			};
			name = Release;
		};
		4A7E06751A92DFFD009B1F9A /* Debug */ = {
			isa = XCBuildConfiguration;
			buildSettings = {
				BUNDLE_LOADER = "$(TEST_HOST)";
				FRAMEWORK_SEARCH_PATHS = (
					"$(SDKROOT)/Developer/Library/Frameworks",
					"$(inherited)",
				);
				GCC_PREPROCESSOR_DEFINITIONS = (
					"DEBUG=1",
					"$(inherited)",
				);
				INFOPLIST_FILE = aliveAPITests/Info.plist;
				LD_RUNPATH_SEARCH_PATHS = "$(inherited) @executable_path/Frameworks @loader_path/Frameworks";
				PRODUCT_NAME = "$(TARGET_NAME)";
				TEST_HOST = "$(BUILT_PRODUCTS_DIR)/aliveAPI.app/aliveAPI";
			};
			name = Debug;
		};
		4A7E06761A92DFFD009B1F9A /* Release */ = {
			isa = XCBuildConfiguration;
			buildSettings = {
				BUNDLE_LOADER = "$(TEST_HOST)";
				FRAMEWORK_SEARCH_PATHS = (
					"$(SDKROOT)/Developer/Library/Frameworks",
					"$(inherited)",
				);
				INFOPLIST_FILE = aliveAPITests/Info.plist;
				LD_RUNPATH_SEARCH_PATHS = "$(inherited) @executable_path/Frameworks @loader_path/Frameworks";
				PRODUCT_NAME = "$(TARGET_NAME)";
				TEST_HOST = "$(BUILT_PRODUCTS_DIR)/aliveAPI.app/aliveAPI";
			};
			name = Release;
		};
/* End XCBuildConfiguration section */

/* Begin XCConfigurationList section */
		4A7E064D1A92DFFD009B1F9A /* Build configuration list for PBXProject "aliveAPI" */ = {
			isa = XCConfigurationList;
			buildConfigurations = (
				4A7E066F1A92DFFD009B1F9A /* Debug */,
				4A7E06701A92DFFD009B1F9A /* Release */,
			);
			defaultConfigurationIsVisible = 0;
			defaultConfigurationName = Release;
		};
		4A7E06711A92DFFD009B1F9A /* Build configuration list for PBXNativeTarget "aliveAPI" */ = {
			isa = XCConfigurationList;
			buildConfigurations = (
				4A7E06721A92DFFD009B1F9A /* Debug */,
				4A7E06731A92DFFD009B1F9A /* Release */,
			);
			defaultConfigurationIsVisible = 0;
			defaultConfigurationName = Release;
		};
		4A7E06741A92DFFD009B1F9A /* Build configuration list for PBXNativeTarget "aliveAPITests" */ = {
			isa = XCConfigurationList;
			buildConfigurations = (
				4A7E06751A92DFFD009B1F9A /* Debug */,
				4A7E06761A92DFFD009B1F9A /* Release */,
			);
			defaultConfigurationIsVisible = 0;
			defaultConfigurationName = Release;
		};
/* End XCConfigurationList section */
	};
	rootObject = 4A7E064A1A92DFFD009B1F9A /* Project object */;
}
